// !$*UTF8*$!
{
	archiveVersion = 1;
	classes = {
	};
	objectVersion = 56;
	objects = {

/* Begin PBXBuildFile section */
		369E95DA29906EEB0071295D /* AppDelegate.swift in Sources */ = {isa = PBXBuildFile; fileRef = 369E95D929906EEB0071295D /* AppDelegate.swift */; };
		369E95DC29906EEB0071295D /* SceneDelegate.swift in Sources */ = {isa = PBXBuildFile; fileRef = 369E95DB29906EEB0071295D /* SceneDelegate.swift */; };
		369E95DE29906EEB0071295D /* ViewController.swift in Sources */ = {isa = PBXBuildFile; fileRef = 369E95DD29906EEB0071295D /* ViewController.swift */; };
		369E95E129906EEB0071295D /* Main.storyboard in Resources */ = {isa = PBXBuildFile; fileRef = 369E95DF29906EEB0071295D /* Main.storyboard */; };
		369E95E329906EED0071295D /* Assets.xcassets in Resources */ = {isa = PBXBuildFile; fileRef = 369E95E229906EED0071295D /* Assets.xcassets */; };
		369E95E629906EED0071295D /* LaunchScreen.storyboard in Resources */ = {isa = PBXBuildFile; fileRef = 369E95E429906EED0071295D /* LaunchScreen.storyboard */; };
		369E95F12990718B0071295D /* Localizable.strings in Resources */ = {isa = PBXBuildFile; fileRef = 369E95F32990718B0071295D /* Localizable.strings */; };
		369E95F72990840E0071295D /* InfoPlist.strings in Resources */ = {isa = PBXBuildFile; fileRef = 369E95F92990840E0071295D /* InfoPlist.strings */; };
/* End PBXBuildFile section */

/* Begin PBXFileReference section */
		369E95D629906EEB0071295D /* 83-84.app */ = {isa = PBXFileReference; explicitFileType = wrapper.application; includeInIndex = 0; path = "83-84.app"; sourceTree = BUILT_PRODUCTS_DIR; };
		369E95D929906EEB0071295D /* AppDelegate.swift */ = {isa = PBXFileReference; lastKnownFileType = sourcecode.swift; path = AppDelegate.swift; sourceTree = "<group>"; };
		369E95DB29906EEB0071295D /* SceneDelegate.swift */ = {isa = PBXFileReference; lastKnownFileType = sourcecode.swift; path = SceneDelegate.swift; sourceTree = "<group>"; };
		369E95DD29906EEB0071295D /* ViewController.swift */ = {isa = PBXFileReference; lastKnownFileType = sourcecode.swift; path = ViewController.swift; sourceTree = "<group>"; };
		369E95E029906EEB0071295D /* Base */ = {isa = PBXFileReference; lastKnownFileType = file.storyboard; name = Base; path = Base.lproj/Main.storyboard; sourceTree = "<group>"; };
		369E95E229906EED0071295D /* Assets.xcassets */ = {isa = PBXFileReference; lastKnownFileType = folder.assetcatalog; path = Assets.xcassets; sourceTree = "<group>"; };
		369E95E529906EED0071295D /* Base */ = {isa = PBXFileReference; lastKnownFileType = file.storyboard; name = Base; path = Base.lproj/LaunchScreen.storyboard; sourceTree = "<group>"; };
		369E95E729906EED0071295D /* Info.plist */ = {isa = PBXFileReference; lastKnownFileType = text.plist.xml; path = Info.plist; sourceTree = "<group>"; };
		369E95ED2990703D0071295D /* ar */ = {isa = PBXFileReference; lastKnownFileType = text.plist.strings; name = ar; path = ar.lproj/Main.strings; sourceTree = "<group>"; };
		369E95EE2990703D0071295D /* ar */ = {isa = PBXFileReference; lastKnownFileType = text.plist.strings; name = ar; path = ar.lproj/LaunchScreen.strings; sourceTree = "<group>"; };
		369E95F22990718B0071295D /* ar */ = {isa = PBXFileReference; lastKnownFileType = text.plist.strings; name = ar; path = ar.lproj/Localizable.strings; sourceTree = "<group>"; };
		369E95F42990718E0071295D /* en */ = {isa = PBXFileReference; lastKnownFileType = text.plist.strings; name = en; path = en.lproj/Localizable.strings; sourceTree = "<group>"; };
		369E95F82990840E0071295D /* en */ = {isa = PBXFileReference; lastKnownFileType = text.plist.strings; name = en; path = en.lproj/InfoPlist.strings; sourceTree = "<group>"; };
		369E95FA299084130071295D /* ar */ = {isa = PBXFileReference; lastKnownFileType = text.plist.strings; name = ar; path = ar.lproj/InfoPlist.strings; sourceTree = "<group>"; };
/* End PBXFileReference section */

/* Begin PBXFrameworksBuildPhase section */
		369E95D329906EEB0071295D /* Frameworks */ = {
			isa = PBXFrameworksBuildPhase;
			buildActionMask = 2147483647;
			files = (
			);
			runOnlyForDeploymentPostprocessing = 0;
		};
/* End PBXFrameworksBuildPhase section */

/* Begin PBXGroup section */
		369E95CD29906EEA0071295D = {
			isa = PBXGroup;
			children = (
				369E95D829906EEB0071295D /* 83-84 */,
				369E95D729906EEB0071295D /* Products */,
			);
			sourceTree = "<group>";
		};
		369E95D729906EEB0071295D /* Products */ = {
			isa = PBXGroup;
			children = (
				369E95D629906EEB0071295D /* 83-84.app */,
			);
			name = Products;
			sourceTree = "<group>";
		};
		369E95D829906EEB0071295D /* 83-84 */ = {
			isa = PBXGroup;
			children = (
				369E95D929906EEB0071295D /* AppDelegate.swift */,
				369E95DB29906EEB0071295D /* SceneDelegate.swift */,
				369E95DD29906EEB0071295D /* ViewController.swift */,
				369E95DF29906EEB0071295D /* Main.storyboard */,
				369E95E229906EED0071295D /* Assets.xcassets */,
				369E95E429906EED0071295D /* LaunchScreen.storyboard */,
				369E95E729906EED0071295D /* Info.plist */,
				369E95F92990840E0071295D /* InfoPlist.strings */,
				369E95F32990718B0071295D /* Localizable.strings */,
			);
			path = "83-84";
			sourceTree = "<group>";
		};
/* End PBXGroup section */

/* Begin PBXNativeTarget section */
		369E95D529906EEB0071295D /* 83-84 */ = {
			isa = PBXNativeTarget;
			buildConfigurationList = 369E95EA29906EED0071295D /* Build configuration list for PBXNativeTarget "83-84" */;
			buildPhases = (
				369E95D229906EEB0071295D /* Sources */,
				369E95D329906EEB0071295D /* Frameworks */,
				369E95D429906EEB0071295D /* Resources */,
			);
			buildRules = (
			);
			dependencies = (
			);
			name = "83-84";
			productName = "83-84";
			productReference = 369E95D629906EEB0071295D /* 83-84.app */;
			productType = "com.apple.product-type.application";
		};
/* End PBXNativeTarget section */

/* Begin PBXProject section */
		369E95CE29906EEA0071295D /* Project object */ = {
			isa = PBXProject;
			attributes = {
				BuildIndependentTargetsInParallel = 1;
				LastSwiftUpdateCheck = 1410;
				LastUpgradeCheck = 1410;
				TargetAttributes = {
					369E95D529906EEB0071295D = {
						CreatedOnToolsVersion = 14.1;
					};
				};
			};
			buildConfigurationList = 369E95D129906EEA0071295D /* Build configuration list for PBXProject "83-84" */;
			compatibilityVersion = "Xcode 14.0";
			developmentRegion = en;
			hasScannedForEncodings = 0;
			knownRegions = (
				en,
				Base,
				ar,
			);
			mainGroup = 369E95CD29906EEA0071295D;
			productRefGroup = 369E95D729906EEB0071295D /* Products */;
			projectDirPath = "";
			projectRoot = "";
			targets = (
				369E95D529906EEB0071295D /* 83-84 */,
			);
		};
/* End PBXProject section */

/* Begin PBXResourcesBuildPhase section */
		369E95D429906EEB0071295D /* Resources */ = {
			isa = PBXResourcesBuildPhase;
			buildActionMask = 2147483647;
			files = (
				369E95E629906EED0071295D /* LaunchScreen.storyboard in Resources */,
				369E95F12990718B0071295D /* Localizable.strings in Resources */,
				369E95E329906EED0071295D /* Assets.xcassets in Resources */,
				369E95E129906EEB0071295D /* Main.storyboard in Resources */,
				369E95F72990840E0071295D /* InfoPlist.strings in Resources */,
			);
			runOnlyForDeploymentPostprocessing = 0;
		};
/* End PBXResourcesBuildPhase section */

/* Begin PBXSourcesBuildPhase section */
		369E95D229906EEB0071295D /* Sources */ = {
			isa = PBXSourcesBuildPhase;
			buildActionMask = 2147483647;
			files = (
				369E95DE29906EEB0071295D /* ViewController.swift in Sources */,
				369E95DA29906EEB0071295D /* AppDelegate.swift in Sources */,
				369E95DC29906EEB0071295D /* SceneDelegate.swift in Sources */,
			);
			runOnlyForDeploymentPostprocessing = 0;
		};
/* End PBXSourcesBuildPhase section */

/* Begin PBXVariantGroup section */
		369E95DF29906EEB0071295D /* Main.storyboard */ = {
			isa = PBXVariantGroup;
			children = (
				369E95E029906EEB0071295D /* Base */,
				369E95ED2990703D0071295D /* ar */,
			);
			name = Main.storyboard;
			sourceTree = "<group>";
		};
		369E95E429906EED0071295D /* LaunchScreen.storyboard */ = {
			isa = PBXVariantGroup;
			children = (
				369E95E529906EED0071295D /* Base */,
				369E95EE2990703D0071295D /* ar */,
			);
			name = LaunchScreen.storyboard;
			sourceTree = "<group>";
		};
		369E95F32990718B0071295D /* Localizable.strings */ = {
			isa = PBXVariantGroup;
			children = (
				369E95F22990718B0071295D /* ar */,
				369E95F42990718E0071295D /* en */,
			);
			name = Localizable.strings;
			sourceTree = "<group>";
		};
		369E95F92990840E0071295D /* InfoPlist.strings */ = {
			isa = PBXVariantGroup;
			children = (
				369E95F82990840E0071295D /* en */,
				369E95FA299084130071295D /* ar */,
			);
			name = InfoPlist.strings;
			sourceTree = "<group>";
		};
/* End PBXVariantGroup section */

/* Begin XCBuildConfiguration section */
		369E95E829906EED0071295D /* Debug */ = {
			isa = XCBuildConfiguration;
			buildSettings = {
				ALWAYS_SEARCH_USER_PATHS = NO;
				CLANG_ANALYZER_LOCALIZABILITY_NONLOCALIZED = YES;
				CLANG_ANALYZER_NONNULL = YES;
				CLANG_ANALYZER_NUMBER_OBJECT_CONVERSION = YES_AGGRESSIVE;
				CLANG_CXX_LANGUAGE_STANDARD = "gnu++20";
				CLANG_ENABLE_MODULES = YES;
				CLANG_ENABLE_OBJC_ARC = YES;
				CLANG_ENABLE_OBJC_WEAK = YES;
				CLANG_WARN_BLOCK_CAPTURE_AUTORELEASING = YES;
				CLANG_WARN_BOOL_CONVERSION = YES;
				CLANG_WARN_COMMA = YES;
				CLANG_WARN_CONSTANT_CONVERSION = YES;
				CLANG_WARN_DEPRECATED_OBJC_IMPLEMENTATIONS = YES;
				CLANG_WARN_DIRECT_OBJC_ISA_USAGE = YES_ERROR;
				CLANG_WARN_DOCUMENTATION_COMMENTS = YES;
				CLANG_WARN_EMPTY_BODY = YES;
				CLANG_WARN_ENUM_CONVERSION = YES;
				CLANG_WARN_INFINITE_RECURSION = YES;
				CLANG_WARN_INT_CONVERSION = YES;
				CLANG_WARN_NON_LITERAL_NULL_CONVERSION = YES;
				CLANG_WARN_OBJC_IMPLICIT_RETAIN_SELF = YES;
				CLANG_WARN_OBJC_LITERAL_CONVERSION = YES;
				CLANG_WARN_OBJC_ROOT_CLASS = YES_ERROR;
				CLANG_WARN_QUOTED_INCLUDE_IN_FRAMEWORK_HEADER = YES;
				CLANG_WARN_RANGE_LOOP_ANALYSIS = YES;
				CLANG_WARN_STRICT_PROTOTYPES = YES;
				CLANG_WARN_SUSPICIOUS_MOVE = YES;
				CLANG_WARN_UNGUARDED_AVAILABILITY = YES_AGGRESSIVE;
				CLANG_WARN_UNREACHABLE_CODE = YES;
				CLANG_WARN__DUPLICATE_METHOD_MATCH = YES;
				COPY_PHASE_STRIP = NO;
				DEBUG_INFORMATION_FORMAT = dwarf;
				ENABLE_STRICT_OBJC_MSGSEND = YES;
				ENABLE_TESTABILITY = YES;
				GCC_C_LANGUAGE_STANDARD = gnu11;
				GCC_DYNAMIC_NO_PIC = NO;
				GCC_NO_COMMON_BLOCKS = YES;
				GCC_OPTIMIZATION_LEVEL = 0;
				GCC_PREPROCESSOR_DEFINITIONS = (
					"DEBUG=1",
					"$(inherited)",
				);
				GCC_WARN_64_TO_32_BIT_CONVERSION = YES;
				GCC_WARN_ABOUT_RETURN_TYPE = YES_ERROR;
				GCC_WARN_UNDECLARED_SELECTOR = YES;
				GCC_WARN_UNINITIALIZED_AUTOS = YES_AGGRESSIVE;
				GCC_WARN_UNUSED_FUNCTION = YES;
				GCC_WARN_UNUSED_VARIABLE = YES;
				IPHONEOS_DEPLOYMENT_TARGET = 16.1;
				MTL_ENABLE_DEBUG_INFO = INCLUDE_SOURCE;
				MTL_FAST_MATH = YES;
				ONLY_ACTIVE_ARCH = YES;
				SDKROOT = iphoneos;
				SWIFT_ACTIVE_COMPILATION_CONDITIONS = DEBUG;
				SWIFT_OPTIMIZATION_LEVEL = "-Onone";
			};
			name = Debug;
		};
		369E95E929906EED0071295D /* Release */ = {
			isa = XCBuildConfiguration;
			buildSettings = {
				ALWAYS_SEARCH_USER_PATHS = NO;
				CLANG_ANALYZER_LOCALIZABILITY_NONLOCALIZED = YES;
				CLANG_ANALYZER_NONNULL = YES;
				CLANG_ANALYZER_NUMBER_OBJECT_CONVERSION = YES_AGGRESSIVE;
				CLANG_CXX_LANGUAGE_STANDARD = "gnu++20";
				CLANG_ENABLE_MODULES = YES;
				CLANG_ENABLE_OBJC_ARC = YES;
				CLANG_ENABLE_OBJC_WEAK = YES;
				CLANG_WARN_BLOCK_CAPTURE_AUTORELEASING = YES;
				CLANG_WARN_BOOL_CONVERSION = YES;
				CLANG_WARN_COMMA = YES;
				CLANG_WARN_CONSTANT_CONVERSION = YES;
				CLANG_WARN_DEPRECATED_OBJC_IMPLEMENTATIONS = YES;
				CLANG_WARN_DIRECT_OBJC_ISA_USAGE = YES_ERROR;
				CLANG_WARN_DOCUMENTATION_COMMENTS = YES;
				CLANG_WARN_EMPTY_BODY = YES;
				CLANG_WARN_ENUM_CONVERSION = YES;
				CLANG_WARN_INFINITE_RECURSION = YES;
				CLANG_WARN_INT_CONVERSION = YES;
				CLANG_WARN_NON_LITERAL_NULL_CONVERSION = YES;
				CLANG_WARN_OBJC_IMPLICIT_RETAIN_SELF = YES;
				CLANG_WARN_OBJC_LITERAL_CONVERSION = YES;
				CLANG_WARN_OBJC_ROOT_CLASS = YES_ERROR;
				CLANG_WARN_QUOTED_INCLUDE_IN_FRAMEWORK_HEADER = YES;
				CLANG_WARN_RANGE_LOOP_ANALYSIS = YES;
				CLANG_WARN_STRICT_PROTOTYPES = YES;
				CLANG_WARN_SUSPICIOUS_MOVE = YES;
				CLANG_WARN_UNGUARDED_AVAILABILITY = YES_AGGRESSIVE;
				CLANG_WARN_UNREACHABLE_CODE = YES;
				CLANG_WARN__DUPLICATE_METHOD_MATCH = YES;
				COPY_PHASE_STRIP = NO;
				DEBUG_INFORMATION_FORMAT = "dwarf-with-dsym";
				ENABLE_NS_ASSERTIONS = NO;
				ENABLE_STRICT_OBJC_MSGSEND = YES;
				GCC_C_LANGUAGE_STANDARD = gnu11;
				GCC_NO_COMMON_BLOCKS = YES;
				GCC_WARN_64_TO_32_BIT_CONVERSION = YES;
				GCC_WARN_ABOUT_RETURN_TYPE = YES_ERROR;
				GCC_WARN_UNDECLARED_SELECTOR = YES;
				GCC_WARN_UNINITIALIZED_AUTOS = YES_AGGRESSIVE;
				GCC_WARN_UNUSED_FUNCTION = YES;
				GCC_WARN_UNUSED_VARIABLE = YES;
				IPHONEOS_DEPLOYMENT_TARGET = 16.1;
				MTL_ENABLE_DEBUG_INFO = NO;
				MTL_FAST_MATH = YES;
				SDKROOT = iphoneos;
				SWIFT_COMPILATION_MODE = wholemodule;
				SWIFT_OPTIMIZATION_LEVEL = "-O";
				VALIDATE_PRODUCT = YES;
			};
			name = Release;
		};
		369E95EB29906EED0071295D /* Debug */ = {
			isa = XCBuildConfiguration;
			buildSettings = {
				ASSETCATALOG_COMPILER_APPICON_NAME = AppIcon;
				ASSETCATALOG_COMPILER_GLOBAL_ACCENT_COLOR_NAME = AccentColor;
				CODE_SIGN_STYLE = Automatic;
				CURRENT_PROJECT_VERSION = 1;
				DEVELOPMENT_TEAM = HR7V9T66G6;
				GENERATE_INFOPLIST_FILE = YES;
				INFOPLIST_FILE = "83-84/Info.plist";
				INFOPLIST_KEY_UIApplicationSupportsIndirectInputEvents = YES;
				INFOPLIST_KEY_UILaunchStoryboardName = LaunchScreen;
				INFOPLIST_KEY_UIMainStoryboardFile = Main;
				INFOPLIST_KEY_UISupportedInterfaceOrientations_iPad = "UIInterfaceOrientationPortrait UIInterfaceOrientationPortraitUpsideDown UIInterfaceOrientationLandscapeLeft UIInterfaceOrientationLandscapeRight";
				INFOPLIST_KEY_UISupportedInterfaceOrientations_iPhone = "UIInterfaceOrientationPortrait UIInterfaceOrientationLandscapeLeft UIInterfaceOrientationLandscapeRight";
				LD_RUNPATH_SEARCH_PATHS = (
					"$(inherited)",
					"@executable_path/Frameworks",
				);
				MARKETING_VERSION = 1.0;
				PRODUCT_BUNDLE_IDENTIFIER = "com.hamdi.-3-84";
				PRODUCT_NAME = "$(TARGET_NAME)";
				SWIFT_EMIT_LOC_STRINGS = YES;
				SWIFT_VERSION = 5.0;
				TARGETED_DEVICE_FAMILY = "1,2";
			};
			name = Debug;
		};
		369E95EC29906EED0071295D /* Release */ = {
			isa = XCBuildConfiguration;
			buildSettings = {
				ASSETCATALOG_COMPILER_APPICON_NAME = AppIcon;
				ASSETCATALOG_COMPILER_GLOBAL_ACCENT_COLOR_NAME = AccentColor;
				CODE_SIGN_STYLE = Automatic;
				CURRENT_PROJECT_VERSION = 1;
				DEVELOPMENT_TEAM = HR7V9T66G6;
				GENERATE_INFOPLIST_FILE = YES;
				INFOPLIST_FILE = "83-84/Info.plist";
				INFOPLIST_KEY_UIApplicationSupportsIndirectInputEvents = YES;
				INFOPLIST_KEY_UILaunchStoryboardName = LaunchScreen;
				INFOPLIST_KEY_UIMainStoryboardFile = Main;
				INFOPLIST_KEY_UISupportedInterfaceOrientations_iPad = "UIInterfaceOrientationPortrait UIInterfaceOrientationPortraitUpsideDown UIInterfaceOrientationLandscapeLeft UIInterfaceOrientationLandscapeRight";
				INFOPLIST_KEY_UISupportedInterfaceOrientations_iPhone = "UIInterfaceOrientationPortrait UIInterfaceOrientationLandscapeLeft UIInterfaceOrientationLandscapeRight";
				LD_RUNPATH_SEARCH_PATHS = (
					"$(inherited)",
					"@executable_path/Frameworks",
				);
				MARKETING_VERSION = 1.0;
				PRODUCT_BUNDLE_IDENTIFIER = "com.hamdi.-3-84";
				PRODUCT_NAME = "$(TARGET_NAME)";
				SWIFT_EMIT_LOC_STRINGS = YES;
				SWIFT_VERSION = 5.0;
				TARGETED_DEVICE_FAMILY = "1,2";
			};
			name = Release;
		};
/* End XCBuildConfiguration section */

/* Begin XCConfigurationList section */
		369E95D129906EEA0071295D /* Build configuration list for PBXProject "83-84" */ = {
			isa = XCConfigurationList;
			buildConfigurations = (
				369E95E829906EED0071295D /* Debug */,
				369E95E929906EED0071295D /* Release */,
			);
			defaultConfigurationIsVisible = 0;
			defaultConfigurationName = Release;
		};
		369E95EA29906EED0071295D /* Build configuration list for PBXNativeTarget "83-84" */ = {
			isa = XCConfigurationList;
			buildConfigurations = (
				369E95EB29906EED0071295D /* Debug */,
				369E95EC29906EED0071295D /* Release */,
			);
			defaultConfigurationIsVisible = 0;
			defaultConfigurationName = Release;
		};
/* End XCConfigurationList section */
	};
	rootObject = 369E95CE29906EEA0071295D /* Project object */;
}
